# This file is automatically @generated by Cargo.
# It is not intended for manual editing.
version = 4

[[package]]
name = "arcane"
version = "0.1.0"
dependencies = [
 "generic_singleton",
 "hashbrown",
 "zwohash",
]

[[package]]
name = "bytemuck"
version = "1.22.0"
source = "registry+https://github.com/rust-lang/crates.io-index"
checksum = "b6b1fc10dbac614ebc03540c9dbd60e83887fda27794998c6528f1782047d540"

[[package]]
name = "cfg-if"
version = "1.0.0"
source = "registry+https://github.com/rust-lang/crates.io-index"
checksum = "baf1de4339761588bc0619e3cbc0120ee582ebb74b53b4efbf79117bd2da40fd"

[[package]]
name = "generic_singleton"
version = "0.1.0"
dependencies = [
 "bytemuck",
 "inline_cache",
]

[[package]]
name = "hashbrown"
version = "0.15.2"
source = "registry+https://github.com/rust-lang/crates.io-index"
checksum = "bf151400ff0baff5465007dd2f3e717f3fe502074ca563069ce3a6629d07b289"

[[package]]
name = "inline_cache"
version = "0.1.0"
dependencies = [
 "bytemuck",
 "cfg-if",
]

[[package]]
name = "zwohash"
version = "0.1.2"
source = "registry+https://github.com/rust-lang/crates.io-index"
checksum = "beaf63e0740cea93ca85de39611a8bc8262a50adacd6321cd209a123676d0447"
